
Microsoft Visual Studio Solution File, Format Version 12.00
# Visual Studio Version 16
VisualStudioVersion = 16.0.29728.190
MinimumVisualStudioVersion = 10.0.40219.1
Project("{FAE04EC0-301F-11D3-BF4B-00C04F79EFBC}") = "Testing Adjacency List Class", "Testing Adjacency List Class\Testing Adjacency List Class.csproj", "{12A27368-8007-4668-9460-C02214E44573}"
EndProject
Global
	GlobalSection(SolutionConfigurationPlatforms) = preSolution
		Debug|Any CPU = Debug|Any CPU
		Release|Any CPU = Release|Any CPU
	EndGlobalSection
	GlobalSection(ProjectConfigurationPlatforms) = postSolution
		{12A27368-8007-4668-9460-C02214E44573}.Debug|Any CPU.ActiveCfg = Debug|Any CPU
		{12A27368-8007-4668-9460-C02214E44573}.Debug|Any CPU.Build.0 = Debug|Any CPU
		{12A27368-8007-4668-9460-C02214E44573}.Release|Any CPU.ActiveCfg = Release|Any CPU
		{12A27368-8007-4668-9460-C02214E44573}.Release|Any CPU.Build.0 = Release|Any CPU
	EndGlobalSection
	GlobalSection(SolutionProperties) = preSolution
		HideSolutionNode = FALSE
	EndGlobalSection
	GlobalSection(ExtensibilityGlobals) = postSolution
		SolutionGuid = {CF9E78D8-F6CA-421C-A356-BC203A9D1B12}
	EndGlobalSection
EndGlobal
